version = 1
revision = 1
requires-python = ">=3.13"

[[package]]
name = "argcomplete"
version = "3.6.2"
source = { registry = "https://pypi.org/simple" }
sdist = { url = "https://files.pythonhosted.org/packages/16/0f/861e168fc813c56a78b35f3c30d91c6757d1fd185af1110f1aec784b35d0/argcomplete-3.6.2.tar.gz", hash = "sha256:d0519b1bc867f5f4f4713c41ad0aba73a4a5f007449716b16f385f2166dc6adf", size = 73403 }
wheels = [
    { url = "https://files.pythonhosted.org/packages/31/da/e42d7a9d8dd33fa775f467e4028a47936da2f01e4b0e561f9ba0d74cb0ca/argcomplete-3.6.2-py3-none-any.whl", hash = "sha256:65b3133a29ad53fb42c48cf5114752c7ab66c1c38544fdf6460f450c09b42591", size = 43708 },
]

[[package]]
name = "attrs"
version = "25.3.0"
source = { registry = "https://pypi.org/simple" }
sdist = { url = "https://files.pythonhosted.org/packages/5a/b0/1367933a8532ee6ff8d63537de4f1177af4bff9f3e829baf7331f595bb24/attrs-25.3.0.tar.gz", hash = "sha256:75d7cefc7fb576747b2c81b4442d4d4a1ce0900973527c011d1030fd3bf4af1b", size = 812032 }
wheels = [
    { url = "https://files.pythonhosted.org/packages/77/06/bb80f5f86020c4551da315d78b3ab75e8228f89f0162f2c3a819e407941a/attrs-25.3.0-py3-none-any.whl", hash = "sha256:427318ce031701fea540783410126f03899a97ffc6f61596ad581ac2e40e3bc3", size = 63815 },
]

[[package]]
name = "colorama"
version = "0.4.6"
source = { registry = "https://pypi.org/simple" }
sdist = { url = "https://files.pythonhosted.org/packages/d8/53/6f443c9a4a8358a93a6792e2acffb9d9d5cb0a5cfd8802644b7b1c9a02e4/colorama-0.4.6.tar.gz", hash = "sha256:08695f5cb7ed6e0531a20572697297273c47b8cae5a63ffc6d6ed5c201be6e44", size = 27697 }
wheels = [
    { url = "https://files.pythonhosted.org/packages/d1/d6/3965ed04c63042e047cb6a3e6ed1a63a35087b6a609aa3a15ed8ac56c221/colorama-0.4.6-py2.py3-none-any.whl", hash = "sha256:4f1d9991f5acc0ca119f9d443620b77f9d6b33703e51011c16baf57afb285fc6", size = 25335 },
]

[[package]]
name = "colorlog"
version = "6.9.0"
source = { registry = "https://pypi.org/simple" }
dependencies = [
    { name = "colorama", marker = "sys_platform == 'win32'" },
]
sdist = { url = "https://files.pythonhosted.org/packages/d3/7a/359f4d5df2353f26172b3cc39ea32daa39af8de522205f512f458923e677/colorlog-6.9.0.tar.gz", hash = "sha256:bfba54a1b93b94f54e1f4fe48395725a3d92fd2a4af702f6bd70946bdc0c6ac2", size = 16624 }
wheels = [
    { url = "https://files.pythonhosted.org/packages/e3/51/9b208e85196941db2f0654ad0357ca6388ab3ed67efdbfc799f35d1f83aa/colorlog-6.9.0-py3-none-any.whl", hash = "sha256:5906e71acd67cb07a71e779c47c4bcb45fb8c2993eebe9e5adcd6a6f1b283eff", size = 11424 },
]

[[package]]
name = "dependency-groups"
version = "1.3.1"
source = { registry = "https://pypi.org/simple" }
dependencies = [
    { name = "packaging" },
]
sdist = { url = "https://files.pythonhosted.org/packages/62/55/f054de99871e7beb81935dea8a10b90cd5ce42122b1c3081d5282fdb3621/dependency_groups-1.3.1.tar.gz", hash = "sha256:78078301090517fd938c19f64a53ce98c32834dfe0dee6b88004a569a6adfefd", size = 10093 }
wheels = [
    { url = "https://files.pythonhosted.org/packages/99/c7/d1ec24fb280caa5a79b6b950db565dab30210a66259d17d5bb2b3a9f878d/dependency_groups-1.3.1-py3-none-any.whl", hash = "sha256:51aeaa0dfad72430fcfb7bcdbefbd75f3792e5919563077f30bc0d73f4493030", size = 8664 },
]

[[package]]
name = "distlib"
version = "0.4.0"
source = { registry = "https://pypi.org/simple" }
sdist = { url = "https://files.pythonhosted.org/packages/96/8e/709914eb2b5749865801041647dc7f4e6d00b549cfe88b65ca192995f07c/distlib-0.4.0.tar.gz", hash = "sha256:feec40075be03a04501a973d81f633735b4b69f98b05450592310c0f401a4e0d", size = 614605 }
wheels = [
    { url = "https://files.pythonhosted.org/packages/33/6b/e0547afaf41bf2c42e52430072fa5658766e3d65bd4b03a563d1b6336f57/distlib-0.4.0-py2.py3-none-any.whl", hash = "sha256:9659f7d87e46584a30b5780e43ac7a2143098441670ff0a49d5f9034c54a6c16", size = 469047 },
]

[[package]]
name = "filelock"
version = "3.19.1"
source = { registry = "https://pypi.org/simple" }
sdist = { url = "https://files.pythonhosted.org/packages/40/bb/0ab3e58d22305b6f5440629d20683af28959bf793d98d11950e305c1c326/filelock-3.19.1.tar.gz", hash = "sha256:66eda1888b0171c998b35be2bcc0f6d75c388a7ce20c3f3f37aa8e96c2dddf58", size = 17687 }
wheels = [
    { url = "https://files.pythonhosted.org/packages/42/14/42b2651a2f46b022ccd948bca9f2d5af0fd8929c4eec235b8d6d844fbe67/filelock-3.19.1-py3-none-any.whl", hash = "sha256:d38e30481def20772f5baf097c122c3babc4fcdb7e14e57049eb9d88c6dc017d", size = 15988 },
]

[[package]]
name = "iniconfig"
version = "2.1.0"
source = { registry = "https://pypi.org/simple" }
sdist = { url = "https://files.pythonhosted.org/packages/f2/97/ebf4da567aa6827c909642694d71c9fcf53e5b504f2d96afea02718862f3/iniconfig-2.1.0.tar.gz", hash = "sha256:3abbd2e30b36733fee78f9c7f7308f2d0050e88f0087fd25c2645f63c773e1c7", size = 4793 }
wheels = [
    { url = "https://files.pythonhosted.org/packages/2c/e1/e6716421ea10d38022b952c159d5161ca1193197fb744506875fbb87ea7b/iniconfig-2.1.0-py3-none-any.whl", hash = "sha256:9deba5723312380e77435581c6bf4935c94cbfab9b1ed33ef8d238ea168eb760", size = 6050 },
]

[[package]]
name = "nox"
version = "2025.5.1"
source = { registry = "https://pypi.org/simple" }
dependencies = [
    { name = "argcomplete" },
    { name = "attrs" },
    { name = "colorlog" },
    { name = "dependency-groups" },
    { name = "packaging" },
    { name = "virtualenv" },
]
sdist = { url = "https://files.pythonhosted.org/packages/b4/80/47712208c410defec169992e57c179f0f4d92f5dd17ba8daca50a8077e23/nox-2025.5.1.tar.gz", hash = "sha256:2a571dfa7a58acc726521ac3cd8184455ebcdcbf26401c7b737b5bc6701427b2", size = 4023334 }
wheels = [
    { url = "https://files.pythonhosted.org/packages/a6/be/7b423b02b09eb856beffe76fe8c4121c99852db74dd12a422dcb72d1134e/nox-2025.5.1-py3-none-any.whl", hash = "sha256:56abd55cf37ff523c254fcec4d152ed51e5fe80e2ab8317221d8b828ac970a31", size = 71753 },
]

[[package]]
name = "packaging"
version = "25.0"
source = { registry = "https://pypi.org/simple" }
sdist = { url = "https://files.pythonhosted.org/packages/a1/d4/1fc4078c65507b51b96ca8f8c3ba19e6a61c8253c72794544580a7b6c24d/packaging-25.0.tar.gz", hash = "sha256:d443872c98d677bf60f6a1f2f8c1cb748e8fe762d2bf9d3148b5599295b0fc4f", size = 165727 }
wheels = [
    { url = "https://files.pythonhosted.org/packages/20/12/38679034af332785aac8774540895e234f4d07f7545804097de4b666afd8/packaging-25.0-py3-none-any.whl", hash = "sha256:29572ef2b1f17581046b3a2227d5c611fb25ec70ca1ba8554b24b0e69331a484", size = 66469 },
]

[[package]]
name = "platformdirs"
version = "4.4.0"
source = { registry = "https://pypi.org/simple" }
sdist = { url = "https://files.pythonhosted.org/packages/23/e8/21db9c9987b0e728855bd57bff6984f67952bea55d6f75e055c46b5383e8/platformdirs-4.4.0.tar.gz", hash = "sha256:ca753cf4d81dc309bc67b0ea38fd15dc97bc30ce419a7f58d13eb3bf14c4febf", size = 21634 }
wheels = [
    { url = "https://files.pythonhosted.org/packages/40/4b/2028861e724d3bd36227adfa20d3fd24c3fc6d52032f4a93c133be5d17ce/platformdirs-4.4.0-py3-none-any.whl", hash = "sha256:abd01743f24e5287cd7a5db3752faf1a2d65353f38ec26d98e25a6db65958c85", size = 18654 },
]

[[package]]
name = "pluggy"
version = "1.6.0"
source = { registry = "https://pypi.org/simple" }
sdist = { url = "https://files.pythonhosted.org/packages/f9/e2/3e91f31a7d2b083fe6ef3fa267035b518369d9511ffab804f839851d2779/pluggy-1.6.0.tar.gz", hash = "sha256:7dcc130b76258d33b90f61b658791dede3486c3e6bfb003ee5c9bfb396dd22f3", size = 69412 }
wheels = [
    { url = "https://files.pythonhosted.org/packages/54/20/4d324d65cc6d9205fabedc306948156824eb9f0ee1633355a8f7ec5c66bf/pluggy-1.6.0-py3-none-any.whl", hash = "sha256:e920276dd6813095e9377c0bc5566d94c932c33b27a3e3945d8389c374dd4746", size = 20538 },
]

[[package]]
name = "pygments"
version = "2.19.2"
source = { registry = "https://pypi.org/simple" }
sdist = { url = "https://files.pythonhosted.org/packages/b0/77/a5b8c569bf593b0140bde72ea885a803b82086995367bf2037de0159d924/pygments-2.19.2.tar.gz", hash = "sha256:636cb2477cec7f8952536970bc533bc43743542f70392ae026374600add5b887", size = 4968631 }
wheels = [
    { url = "https://files.pythonhosted.org/packages/c7/21/705964c7812476f378728bdf590ca4b771ec72385c533964653c68e86bdc/pygments-2.19.2-py3-none-any.whl", hash = "sha256:86540386c03d588bb81d44bc3928634ff26449851e99741617ecb9037ee5ec0b", size = 1225217 },
]

[[package]]
name = "pyhamcrest"
version = "2.1.0"
source = { registry = "https://pypi.org/simple" }
sdist = { url = "https://files.pythonhosted.org/packages/16/3f/f286caba4e64391a8dc9200e6de6ce0d07471e3f718248c3276843b7793b/pyhamcrest-2.1.0.tar.gz", hash = "sha256:c6acbec0923d0cb7e72c22af1926f3e7c97b8e8d69fc7498eabacaf7c975bd9c", size = 60538 }
wheels = [
    { url = "https://files.pythonhosted.org/packages/0c/71/1b25d3797a24add00f6f8c1bb0ac03a38616e2ec6606f598c1d50b0b0ffb/pyhamcrest-2.1.0-py3-none-any.whl", hash = "sha256:f6913d2f392e30e0375b3ecbd7aee79e5d1faa25d345c8f4ff597665dcac2587", size = 54555 },
]

[[package]]
name = "pytest"
version = "8.4.2"
source = { registry = "https://pypi.org/simple" }
dependencies = [
    { name = "colorama", marker = "sys_platform == 'win32'" },
    { name = "iniconfig" },
    { name = "packaging" },
    { name = "pluggy" },
    { name = "pygments" },
]
sdist = { url = "https://files.pythonhosted.org/packages/a3/5c/00a0e072241553e1a7496d638deababa67c5058571567b92a7eaa258397c/pytest-8.4.2.tar.gz", hash = "sha256:86c0d0b93306b961d58d62a4db4879f27fe25513d4b969df351abdddb3c30e01", size = 1519618 }
wheels = [
    { url = "https://files.pythonhosted.org/packages/a8/a4/20da314d277121d6534b3a980b29035dcd51e6744bd79075a6ce8fa4eb8d/pytest-8.4.2-py3-none-any.whl", hash = "sha256:872f880de3fc3a5bdc88a11b39c9710c3497a547cfa9320bc3c5e62fbf272e79", size = 365750 },
]

[[package]]
name = "python-jsonrpc-server"
version = "0.4.0"
source = { registry = "https://pypi.org/simple" }
dependencies = [
    { name = "ujson" },
]
sdist = { url = "https://files.pythonhosted.org/packages/81/7d/c4c4102b94ef2e090d94fc02625653d3d3a0306e53ef24bcb6e9496bfc1e/python-jsonrpc-server-0.4.0.tar.gz", hash = "sha256:62c543e541f101ec5b57dc654efc212d2c2e3ea47ff6f54b2e7dcb36ecf20595", size = 26491 }
wheels = [
    { url = "https://files.pythonhosted.org/packages/f9/4c/fa4be41bfc1aa933fe9f9990472dfbbe14527b8864c8a722df0799258966/python_jsonrpc_server-0.4.0-py3-none-any.whl", hash = "sha256:e5a908ff182e620aac07db5f57887eeb0afe33993008f57dc1b85b594cea250c", size = 8947 },
]

[[package]]
name = "ujson"
version = "5.11.0"
source = { registry = "https://pypi.org/simple" }
sdist = { url = "https://files.pythonhosted.org/packages/43/d9/3f17e3c5773fb4941c68d9a37a47b1a79c9649d6c56aefbed87cc409d18a/ujson-5.11.0.tar.gz", hash = "sha256:e204ae6f909f099ba6b6b942131cee359ddda2b6e4ea39c12eb8b991fe2010e0", size = 7156583 }
wheels = [
    { url = "https://files.pythonhosted.org/packages/1c/ec/2de9dd371d52c377abc05d2b725645326c4562fc87296a8907c7bcdf2db7/ujson-5.11.0-cp313-cp313-macosx_10_13_x86_64.whl", hash = "sha256:109f59885041b14ee9569bf0bb3f98579c3fa0652317b355669939e5fc5ede53", size = 55435 },
    { url = "https://files.pythonhosted.org/packages/5b/a4/f611f816eac3a581d8a4372f6967c3ed41eddbae4008d1d77f223f1a4e0a/ujson-5.11.0-cp313-cp313-macosx_11_0_arm64.whl", hash = "sha256:a31c6b8004438e8c20fc55ac1c0e07dad42941db24176fe9acf2815971f8e752", size = 53193 },
    { url = "https://files.pythonhosted.org/packages/e9/c5/c161940967184de96f5cbbbcce45b562a4bf851d60f4c677704b1770136d/ujson-5.11.0-cp313-cp313-manylinux_2_24_aarch64.manylinux_2_28_aarch64.whl", hash = "sha256:78c684fb21255b9b90320ba7e199780f653e03f6c2528663768965f4126a5b50", size = 57603 },
    { url = "https://files.pythonhosted.org/packages/2b/d6/c7b2444238f5b2e2d0e3dab300b9ddc3606e4b1f0e4bed5a48157cebc792/ujson-5.11.0-cp313-cp313-manylinux_2_24_i686.manylinux_2_28_i686.whl", hash = "sha256:4c9f5d6a27d035dd90a146f7761c2272cf7103de5127c9ab9c4cd39ea61e878a", size = 59794 },
    { url = "https://files.pythonhosted.org/packages/fe/a3/292551f936d3d02d9af148f53e1bc04306b00a7cf1fcbb86fa0d1c887242/ujson-5.11.0-cp313-cp313-manylinux_2_24_x86_64.manylinux_2_28_x86_64.whl", hash = "sha256:837da4d27fed5fdc1b630bd18f519744b23a0b5ada1bbde1a36ba463f2900c03", size = 57363 },
    { url = "https://files.pythonhosted.org/packages/90/a6/82cfa70448831b1a9e73f882225980b5c689bf539ec6400b31656a60ea46/ujson-5.11.0-cp313-cp313-musllinux_1_2_aarch64.whl", hash = "sha256:787aff4a84da301b7f3bac09bc696e2e5670df829c6f8ecf39916b4e7e24e701", size = 1036311 },
    { url = "https://files.pythonhosted.org/packages/84/5c/96e2266be50f21e9b27acaee8ca8f23ea0b85cb998c33d4f53147687839b/ujson-5.11.0-cp313-cp313-musllinux_1_2_i686.whl", hash = "sha256:6dd703c3e86dc6f7044c5ac0b3ae079ed96bf297974598116aa5fb7f655c3a60", size = 1195783 },
    { url = "https://files.pythonhosted.org/packages/8d/20/78abe3d808cf3bb3e76f71fca46cd208317bf461c905d79f0d26b9df20f1/ujson-5.11.0-cp313-cp313-musllinux_1_2_x86_64.whl", hash = "sha256:3772e4fe6b0c1e025ba3c50841a0ca4786825a4894c8411bf8d3afe3a8061328", size = 1088822 },
    { url = "https://files.pythonhosted.org/packages/d8/50/8856e24bec5e2fc7f775d867aeb7a3f137359356200ac44658f1f2c834b2/ujson-5.11.0-cp313-cp313-win32.whl", hash = "sha256:8fa2af7c1459204b7a42e98263b069bd535ea0cd978b4d6982f35af5a04a4241", size = 39753 },
    { url = "https://files.pythonhosted.org/packages/5b/d8/1baee0f4179a4d0f5ce086832147b6cc9b7731c24ca08e14a3fdb8d39c32/ujson-5.11.0-cp313-cp313-win_amd64.whl", hash = "sha256:34032aeca4510a7c7102bd5933f59a37f63891f30a0706fb46487ab6f0edf8f0", size = 43866 },
    { url = "https://files.pythonhosted.org/packages/a9/8c/6d85ef5be82c6d66adced3ec5ef23353ed710a11f70b0b6a836878396334/ujson-5.11.0-cp313-cp313-win_arm64.whl", hash = "sha256:ce076f2df2e1aa62b685086fbad67f2b1d3048369664b4cdccc50707325401f9", size = 38363 },
    { url = "https://files.pythonhosted.org/packages/28/08/4518146f4984d112764b1dfa6fb7bad691c44a401adadaa5e23ccd930053/ujson-5.11.0-cp314-cp314-macosx_10_13_x86_64.whl", hash = "sha256:65724738c73645db88f70ba1f2e6fb678f913281804d5da2fd02c8c5839af302", size = 55462 },
    { url = "https://files.pythonhosted.org/packages/29/37/2107b9a62168867a692654d8766b81bd2fd1e1ba13e2ec90555861e02b0c/ujson-5.11.0-cp314-cp314-macosx_11_0_arm64.whl", hash = "sha256:29113c003ca33ab71b1b480bde952fbab2a0b6b03a4ee4c3d71687cdcbd1a29d", size = 53246 },
    { url = "https://files.pythonhosted.org/packages/9b/f8/25583c70f83788edbe3ca62ce6c1b79eff465d78dec5eb2b2b56b3e98b33/ujson-5.11.0-cp314-cp314-manylinux_2_24_aarch64.manylinux_2_28_aarch64.whl", hash = "sha256:c44c703842024d796b4c78542a6fcd5c3cb948b9fc2a73ee65b9c86a22ee3638", size = 57631 },
    { url = "https://files.pythonhosted.org/packages/ed/ca/19b3a632933a09d696f10dc1b0dfa1d692e65ad507d12340116ce4f67967/ujson-5.11.0-cp314-cp314-manylinux_2_24_i686.manylinux_2_28_i686.whl", hash = "sha256:e750c436fb90edf85585f5c62a35b35082502383840962c6983403d1bd96a02c", size = 59877 },
    { url = "https://files.pythonhosted.org/packages/55/7a/4572af5324ad4b2bfdd2321e898a527050290147b4ea337a79a0e4e87ec7/ujson-5.11.0-cp314-cp314-manylinux_2_24_x86_64.manylinux_2_28_x86_64.whl", hash = "sha256:f278b31a7c52eb0947b2db55a5133fbc46b6f0ef49972cd1a80843b72e135aba", size = 57363 },
    { url = "https://files.pythonhosted.org/packages/7b/71/a2b8c19cf4e1efe53cf439cdf7198ac60ae15471d2f1040b490c1f0f831f/ujson-5.11.0-cp314-cp314-musllinux_1_2_aarch64.whl", hash = "sha256:ab2cb8351d976e788669c8281465d44d4e94413718af497b4e7342d7b2f78018", size = 1036394 },
    { url = "https://files.pythonhosted.org/packages/7a/3e/7b98668cba3bb3735929c31b999b374ebc02c19dfa98dfebaeeb5c8597ca/ujson-5.11.0-cp314-cp314-musllinux_1_2_i686.whl", hash = "sha256:090b4d11b380ae25453100b722d0609d5051ffe98f80ec52853ccf8249dfd840", size = 1195837 },
    { url = "https://files.pythonhosted.org/packages/a1/ea/8870f208c20b43571a5c409ebb2fe9b9dba5f494e9e60f9314ac01ea8f78/ujson-5.11.0-cp314-cp314-musllinux_1_2_x86_64.whl", hash = "sha256:80017e870d882d5517d28995b62e4e518a894f932f1e242cbc802a2fd64d365c", size = 1088837 },
    { url = "https://files.pythonhosted.org/packages/63/b6/c0e6607e37fa47929920a685a968c6b990a802dec65e9c5181e97845985d/ujson-5.11.0-cp314-cp314-win32.whl", hash = "sha256:1d663b96eb34c93392e9caae19c099ec4133ba21654b081956613327f0e973ac", size = 41022 },
    { url = "https://files.pythonhosted.org/packages/4e/56/f4fe86b4c9000affd63e9219e59b222dc48b01c534533093e798bf617a7e/ujson-5.11.0-cp314-cp314-win_amd64.whl", hash = "sha256:849e65b696f0d242833f1df4182096cedc50d414215d1371fca85c541fbff629", size = 45111 },
    { url = "https://files.pythonhosted.org/packages/0a/f3/669437f0280308db4783b12a6d88c00730b394327d8334cc7a32ef218e64/ujson-5.11.0-cp314-cp314-win_arm64.whl", hash = "sha256:e73df8648c9470af2b6a6bf5250d4744ad2cf3d774dcf8c6e31f018bdd04d764", size = 39682 },
    { url = "https://files.pythonhosted.org/packages/6e/cd/e9809b064a89fe5c4184649adeb13c1b98652db3f8518980b04227358574/ujson-5.11.0-cp314-cp314t-macosx_10_13_x86_64.whl", hash = "sha256:de6e88f62796372fba1de973c11138f197d3e0e1d80bcb2b8aae1e826096d433", size = 55759 },
    { url = "https://files.pythonhosted.org/packages/1b/be/ae26a6321179ebbb3a2e2685b9007c71bcda41ad7a77bbbe164005e956fc/ujson-5.11.0-cp314-cp314t-macosx_11_0_arm64.whl", hash = "sha256:49e56ef8066f11b80d620985ae36869a3ff7e4b74c3b6129182ec5d1df0255f3", size = 53634 },
    { url = "https://files.pythonhosted.org/packages/ae/e9/fb4a220ee6939db099f4cfeeae796ecb91e7584ad4d445d4ca7f994a9135/ujson-5.11.0-cp314-cp314t-manylinux_2_24_aarch64.manylinux_2_28_aarch64.whl", hash = "sha256:1a325fd2c3a056cf6c8e023f74a0c478dd282a93141356ae7f16d5309f5ff823", size = 58547 },
    { url = "https://files.pythonhosted.org/packages/bd/f8/fc4b952b8f5fea09ea3397a0bd0ad019e474b204cabcb947cead5d4d1ffc/ujson-5.11.0-cp314-cp314t-manylinux_2_24_i686.manylinux_2_28_i686.whl", hash = "sha256:a0af6574fc1d9d53f4ff371f58c96673e6d988ed2b5bf666a6143c782fa007e9", size = 60489 },
    { url = "https://files.pythonhosted.org/packages/2e/e5/af5491dfda4f8b77e24cf3da68ee0d1552f99a13e5c622f4cef1380925c3/ujson-5.11.0-cp314-cp314t-manylinux_2_24_x86_64.manylinux_2_28_x86_64.whl", hash = "sha256:10f29e71ecf4ecd93a6610bd8efa8e7b6467454a363c3d6416db65de883eb076", size = 58035 },
    { url = "https://files.pythonhosted.org/packages/c4/09/0945349dd41f25cc8c38d78ace49f14c5052c5bbb7257d2f466fa7bdb533/ujson-5.11.0-cp314-cp314t-musllinux_1_2_aarch64.whl", hash = "sha256:1a0a9b76a89827a592656fe12e000cf4f12da9692f51a841a4a07aa4c7ecc41c", size = 1037212 },
    { url = "https://files.pythonhosted.org/packages/49/44/8e04496acb3d5a1cbee3a54828d9652f67a37523efa3d3b18a347339680a/ujson-5.11.0-cp314-cp314t-musllinux_1_2_i686.whl", hash = "sha256:b16930f6a0753cdc7d637b33b4e8f10d5e351e1fb83872ba6375f1e87be39746", size = 1196500 },
    { url = "https://files.pythonhosted.org/packages/64/ae/4bc825860d679a0f208a19af2f39206dfd804ace2403330fdc3170334a2f/ujson-5.11.0-cp314-cp314t-musllinux_1_2_x86_64.whl", hash = "sha256:04c41afc195fd477a59db3a84d5b83a871bd648ef371cf8c6f43072d89144eef", size = 1089487 },
    { url = "https://files.pythonhosted.org/packages/30/ed/5a057199fb0a5deabe0957073a1c1c1c02a3e99476cd03daee98ea21fa57/ujson-5.11.0-cp314-cp314t-win32.whl", hash = "sha256:aa6d7a5e09217ff93234e050e3e380da62b084e26b9f2e277d2606406a2fc2e5", size = 41859 },
    { url = "https://files.pythonhosted.org/packages/aa/03/b19c6176bdf1dc13ed84b886e99677a52764861b6cc023d5e7b6ebda249d/ujson-5.11.0-cp314-cp314t-win_amd64.whl", hash = "sha256:48055e1061c1bb1f79e75b4ac39e821f3f35a9b82de17fce92c3140149009bec", size = 46183 },
    { url = "https://files.pythonhosted.org/packages/5d/ca/a0413a3874b2dc1708b8796ca895bf363292f9c70b2e8ca482b7dbc0259d/ujson-5.11.0-cp314-cp314t-win_arm64.whl", hash = "sha256:1194b943e951092db611011cb8dbdb6cf94a3b816ed07906e14d3bc6ce0e90ab", size = 40264 },
]

[[package]]
name = "virtualenv"
version = "20.34.0"
source = { registry = "https://pypi.org/simple" }
dependencies = [
    { name = "distlib" },
    { name = "filelock" },
    { name = "platformdirs" },
]
sdist = { url = "https://files.pythonhosted.org/packages/1c/14/37fcdba2808a6c615681cd216fecae00413c9dab44fb2e57805ecf3eaee3/virtualenv-20.34.0.tar.gz", hash = "sha256:44815b2c9dee7ed86e387b842a84f20b93f7f417f95886ca1996a72a4138eb1a", size = 6003808 }
wheels = [
    { url = "https://files.pythonhosted.org/packages/76/06/04c8e804f813cf972e3262f3f8584c232de64f0cde9f703b46cf53a45090/virtualenv-20.34.0-py3-none-any.whl", hash = "sha256:341f5afa7eee943e4984a9207c025feedd768baff6753cd660c857ceb3e36026", size = 5983279 },
]

[[package]]
name = "vscode-python-tools-extension-template"
version = "0.1.0"
source = { virtual = "." }
dependencies = [
    { name = "colorama" },
    { name = "iniconfig" },
    { name = "nox" },
    { name = "packaging" },
    { name = "pluggy" },
    { name = "pygments" },
    { name = "pyhamcrest" },
    { name = "pytest" },
    { name = "python-jsonrpc-server" },
    { name = "ujson" },
]

[package.metadata]
requires-dist = [
    { name = "colorama", specifier = "==0.4.6" },
    { name = "iniconfig", specifier = "==2.1.0" },
    { name = "nox", specifier = ">=2025.5.1" },
    { name = "packaging", specifier = "==25.0" },
    { name = "pluggy", specifier = "==1.6.0" },
    { name = "pygments", specifier = "==2.19.2" },
    { name = "pyhamcrest", specifier = "==2.1.0" },
    { name = "pytest", specifier = "==8.4.2" },
    { name = "python-jsonrpc-server", specifier = "==0.4.0" },
    { name = "ujson", specifier = "==5.11.0" },
]
